
Microsoft Visual Studio Solution File, Format Version 12.00
# Visual Studio Version 17
VisualStudioVersion = 17.8.34322.80
MinimumVisualStudioVersion = 10.0.40219.1
Project("{FAE04EC0-301F-11D3-BF4B-00C04F79EFBC}") = "AddressBook.Server", "AddressBook.Server\AddressBook.Server.csproj", "{AA8D9B17-DA26-46FF-9E0A-6701F795D817}"
EndProject
Project("{54A90642-561A-4BB1-A94E-469ADEE60C69}") = "addressbook.client", "addressbook.client\addressbook.client.esproj", "{C8F837E7-916D-4E75-A137-13B8A41AE6CB}"
EndProject
Global
	GlobalSection(SolutionConfigurationPlatforms) = preSolution
		Debug|Any CPU = Debug|Any CPU
		Release|Any CPU = Release|Any CPU
	EndGlobalSection
	GlobalSection(ProjectConfigurationPlatforms) = postSolution
		{AA8D9B17-DA26-46FF-9E0A-6701F795D817}.Debug|Any CPU.ActiveCfg = Debug|Any CPU
		{AA8D9B17-DA26-46FF-9E0A-6701F795D817}.Debug|Any CPU.Build.0 = Debug|Any CPU
		{AA8D9B17-DA26-46FF-9E0A-6701F795D817}.Release|Any CPU.ActiveCfg = Release|Any CPU
		{AA8D9B17-DA26-46FF-9E0A-6701F795D817}.Release|Any CPU.Build.0 = Release|Any CPU
		{C8F837E7-916D-4E75-A137-13B8A41AE6CB}.Debug|Any CPU.ActiveCfg = Debug|Any CPU
		{C8F837E7-916D-4E75-A137-13B8A41AE6CB}.Debug|Any CPU.Build.0 = Debug|Any CPU
		{C8F837E7-916D-4E75-A137-13B8A41AE6CB}.Debug|Any CPU.Deploy.0 = Debug|Any CPU
		{C8F837E7-916D-4E75-A137-13B8A41AE6CB}.Release|Any CPU.ActiveCfg = Release|Any CPU
		{C8F837E7-916D-4E75-A137-13B8A41AE6CB}.Release|Any CPU.Build.0 = Release|Any CPU
		{C8F837E7-916D-4E75-A137-13B8A41AE6CB}.Release|Any CPU.Deploy.0 = Release|Any CPU
	EndGlobalSection
	GlobalSection(SolutionProperties) = preSolution
		HideSolutionNode = FALSE
	EndGlobalSection
	GlobalSection(ExtensibilityGlobals) = postSolution
		SolutionGuid = {627B8E96-57CB-4944-B6A0-DD2CC7871152}
	EndGlobalSection
EndGlobal
